
Microsoft Visual Studio Solution File, Format Version 12.00
# Visual Studio Version 16
VisualStudioVersion = 16.0.29509.3
MinimumVisualStudioVersion = 10.0.40219.1
Project("{FAE04EC0-301F-11D3-BF4B-00C04F79EFBC}") = "WaterMelon-API", "WaterMelon-API.csproj", "{16097AE9-3778-4AA9-84A0-3E5FFA8952AB}"
EndProject
Global
	GlobalSection(SolutionConfigurationPlatforms) = preSolution
		Debug|Any CPU = Debug|Any CPU
		Release|Any CPU = Release|Any CPU
	EndGlobalSection
	GlobalSection(ProjectConfigurationPlatforms) = postSolution
		{16097AE9-3778-4AA9-84A0-3E5FFA8952AB}.Debug|Any CPU.ActiveCfg = Debug|Any CPU
		{16097AE9-3778-4AA9-84A0-3E5FFA8952AB}.Debug|Any CPU.Build.0 = Debug|Any CPU
		{16097AE9-3778-4AA9-84A0-3E5FFA8952AB}.Release|Any CPU.ActiveCfg = Release|Any CPU
		{16097AE9-3778-4AA9-84A0-3E5FFA8952AB}.Release|Any CPU.Build.0 = Release|Any CPU
	EndGlobalSection
	GlobalSection(SolutionProperties) = preSolution
		HideSolutionNode = FALSE
	EndGlobalSection
	GlobalSection(ExtensibilityGlobals) = postSolution
		SolutionGuid = {3C6926A0-2643-4988-A897-A2BBF7A1BA28}
	EndGlobalSection
EndGlobal
